
Microsoft Visual Studio Solution File, Format Version 12.00
# Visual Studio Version 17
VisualStudioVersion = 17.1.32414.318
MinimumVisualStudioVersion = 10.0.40219.1
Project("{FAE04EC0-301F-11D3-BF4B-00C04F79EFBC}") = "Odx.Dataverse.Demo.Context", "Odx.Dataverse.Demo.Context\Odx.Dataverse.Demo.Context.csproj", "{9593DC03-F73E-448A-95CF-C6BF552C25F5}"
EndProject
Project("{9A19103F-16F7-4668-BE54-9A1E7A4F7556}") = "Odx.Dataverse.Demo.Plugins", "Odx.Dataverse.Demo.Plugins\Odx.Dataverse.Demo.Plugins.csproj", "{09E9AB8F-C0E7-4427-BEC5-E5D233E96710}"
EndProject
Global
	GlobalSection(SolutionConfigurationPlatforms) = preSolution
		Debug|Any CPU = Debug|Any CPU
		Release|Any CPU = Release|Any CPU
	EndGlobalSection
	GlobalSection(ProjectConfigurationPlatforms) = postSolution
		{9593DC03-F73E-448A-95CF-C6BF552C25F5}.Debug|Any CPU.ActiveCfg = Debug|Any CPU
		{9593DC03-F73E-448A-95CF-C6BF552C25F5}.Debug|Any CPU.Build.0 = Debug|Any CPU
		{9593DC03-F73E-448A-95CF-C6BF552C25F5}.Release|Any CPU.ActiveCfg = Release|Any CPU
		{9593DC03-F73E-448A-95CF-C6BF552C25F5}.Release|Any CPU.Build.0 = Release|Any CPU
		{09E9AB8F-C0E7-4427-BEC5-E5D233E96710}.Debug|Any CPU.ActiveCfg = Debug|Any CPU
		{09E9AB8F-C0E7-4427-BEC5-E5D233E96710}.Debug|Any CPU.Build.0 = Debug|Any CPU
		{09E9AB8F-C0E7-4427-BEC5-E5D233E96710}.Release|Any CPU.ActiveCfg = Release|Any CPU
		{09E9AB8F-C0E7-4427-BEC5-E5D233E96710}.Release|Any CPU.Build.0 = Release|Any CPU
	EndGlobalSection
	GlobalSection(SolutionProperties) = preSolution
		HideSolutionNode = FALSE
	EndGlobalSection
	GlobalSection(ExtensibilityGlobals) = postSolution
		SolutionGuid = {39239BA7-F205-46E6-B127-87DFA3B7032C}
	EndGlobalSection
EndGlobal
